
Microsoft Visual Studio Solution File, Format Version 12.00
# Visual Studio Version 17
VisualStudioVersion = 17.12.35527.113 d17.12
MinimumVisualStudioVersion = 10.0.40219.1
Project("{FAE04EC0-301F-11D3-BF4B-00C04F79EFBC}") = "EmployeeManagement.Core", "EmployeeManagement.Core\EmployeeManagement.Core.csproj", "{DC12F618-E8EF-4C2F-885C-ACF7480B98DF}"
EndProject
Project("{FAE04EC0-301F-11D3-BF4B-00C04F79EFBC}") = "EmployeeManagement.Application", "EmployeeManagement.Application\EmployeeManagement.Application.csproj", "{C7E7AB5F-E13C-4E26-B222-1E5532CA9222}"
EndProject
Project("{FAE04EC0-301F-11D3-BF4B-00C04F79EFBC}") = "EmployeeManagement.Infrastructure", "EmployeeManagement.Infrastructure\EmployeeManagement.Infrastructure.csproj", "{BB488969-0CC4-4C0E-865D-E82C3C9B89A0}"
EndProject
Project("{FAE04EC0-301F-11D3-BF4B-00C04F79EFBC}") = "EmployeeManagement.API", "EmployeeManagement.API\EmployeeManagement.API.csproj", "{9B3E0776-DB1E-4BC3-B9A3-4551BDCED754}"
EndProject
Global
	GlobalSection(SolutionConfigurationPlatforms) = preSolution
		Debug|Any CPU = Debug|Any CPU
		Release|Any CPU = Release|Any CPU
	EndGlobalSection
	GlobalSection(ProjectConfigurationPlatforms) = postSolution
		{DC12F618-E8EF-4C2F-885C-ACF7480B98DF}.Debug|Any CPU.ActiveCfg = Debug|Any CPU
		{DC12F618-E8EF-4C2F-885C-ACF7480B98DF}.Debug|Any CPU.Build.0 = Debug|Any CPU
		{DC12F618-E8EF-4C2F-885C-ACF7480B98DF}.Release|Any CPU.ActiveCfg = Release|Any CPU
		{DC12F618-E8EF-4C2F-885C-ACF7480B98DF}.Release|Any CPU.Build.0 = Release|Any CPU
		{C7E7AB5F-E13C-4E26-B222-1E5532CA9222}.Debug|Any CPU.ActiveCfg = Debug|Any CPU
		{C7E7AB5F-E13C-4E26-B222-1E5532CA9222}.Debug|Any CPU.Build.0 = Debug|Any CPU
		{C7E7AB5F-E13C-4E26-B222-1E5532CA9222}.Release|Any CPU.ActiveCfg = Release|Any CPU
		{C7E7AB5F-E13C-4E26-B222-1E5532CA9222}.Release|Any CPU.Build.0 = Release|Any CPU
		{BB488969-0CC4-4C0E-865D-E82C3C9B89A0}.Debug|Any CPU.ActiveCfg = Debug|Any CPU
		{BB488969-0CC4-4C0E-865D-E82C3C9B89A0}.Debug|Any CPU.Build.0 = Debug|Any CPU
		{BB488969-0CC4-4C0E-865D-E82C3C9B89A0}.Release|Any CPU.ActiveCfg = Release|Any CPU
		{BB488969-0CC4-4C0E-865D-E82C3C9B89A0}.Release|Any CPU.Build.0 = Release|Any CPU
		{9B3E0776-DB1E-4BC3-B9A3-4551BDCED754}.Debug|Any CPU.ActiveCfg = Debug|Any CPU
		{9B3E0776-DB1E-4BC3-B9A3-4551BDCED754}.Debug|Any CPU.Build.0 = Debug|Any CPU
		{9B3E0776-DB1E-4BC3-B9A3-4551BDCED754}.Release|Any CPU.ActiveCfg = Release|Any CPU
		{9B3E0776-DB1E-4BC3-B9A3-4551BDCED754}.Release|Any CPU.Build.0 = Release|Any CPU
	EndGlobalSection
	GlobalSection(SolutionProperties) = preSolution
		HideSolutionNode = FALSE
	EndGlobalSection
EndGlobal
